
Microsoft Visual Studio Solution File, Format Version 12.00
# Visual Studio Version 17
VisualStudioVersion = 17.9.34607.119
MinimumVisualStudioVersion = 10.0.40219.1
Project("{2150E333-8FDC-42A3-9474-1A3956D46DE8}") = "src", "src", "{9E6100B8-E832-4D90-9780-46E517FE154C}"
EndProject
Project("{9A19103F-16F7-4668-BE54-9A1E7A4F7556}") = "BlazorApp.Server.PerPage.NoAuth", "src\BlazorApp.Server.PerPage.NoAuth\BlazorApp.Server.PerPage.NoAuth.csproj", "{301AEF2B-9251-45BD-A08A-ED7FAE4EE155}"
EndProject
Project("{9A19103F-16F7-4668-BE54-9A1E7A4F7556}") = "BlazorApp.Server.PerPage.Auth", "src\BlazorApp.Server.PerPage.Auth\BlazorApp.Server.PerPage.Auth.csproj", "{100DCC84-837C-4580-8EBF-6F1914039CF8}"
EndProject
Project("{2150E333-8FDC-42A3-9474-1A3956D46DE8}") = "BlazorApp.Server.PerPage.Auth", "BlazorApp.Server.PerPage.Auth", "{90362E79-6680-4CD8-AE08-7519B578B653}"
EndProject
Project("{2150E333-8FDC-42A3-9474-1A3956D46DE8}") = "BlazorApp.Server.PerPage.NoAuth", "BlazorApp.Server.PerPage.NoAuth", "{189A26B0-4509-47C4-A36E-8F3A9ADE65AC}"
EndProject
Project("{2150E333-8FDC-42A3-9474-1A3956D46DE8}") = "BlazorApp.Auto.PerPage.NoAuth", "BlazorApp.Auto.PerPage.NoAuth", "{92BD4C61-69C4-4506-AD2C-FF70E16A90EA}"
EndProject
Project("{9A19103F-16F7-4668-BE54-9A1E7A4F7556}") = "BlazorApp.Auto.PerPage.NoAuth", "src\BlazorApp.Auto.PerPage.NoAuth\BlazorApp.Auto.PerPage.NoAuth\BlazorApp.Auto.PerPage.NoAuth.csproj", "{397B70F4-0B0D-4A08-BA5A-66D870CAE0BF}"
EndProject
Project("{9A19103F-16F7-4668-BE54-9A1E7A4F7556}") = "BlazorApp.Auto.PerPage.NoAuth.Client", "src\BlazorApp.Auto.PerPage.NoAuth\BlazorApp.Auto.PerPage.NoAuth.Client\BlazorApp.Auto.PerPage.NoAuth.Client.csproj", "{90933988-3113-4D17-BBDA-7DC38C0A0AEE}"
EndProject
Global
	GlobalSection(SolutionConfigurationPlatforms) = preSolution
		Debug|Any CPU = Debug|Any CPU
		Release|Any CPU = Release|Any CPU
	EndGlobalSection
	GlobalSection(ProjectConfigurationPlatforms) = postSolution
		{301AEF2B-9251-45BD-A08A-ED7FAE4EE155}.Debug|Any CPU.ActiveCfg = Debug|Any CPU
		{301AEF2B-9251-45BD-A08A-ED7FAE4EE155}.Debug|Any CPU.Build.0 = Debug|Any CPU
		{301AEF2B-9251-45BD-A08A-ED7FAE4EE155}.Release|Any CPU.ActiveCfg = Release|Any CPU
		{301AEF2B-9251-45BD-A08A-ED7FAE4EE155}.Release|Any CPU.Build.0 = Release|Any CPU
		{100DCC84-837C-4580-8EBF-6F1914039CF8}.Debug|Any CPU.ActiveCfg = Debug|Any CPU
		{100DCC84-837C-4580-8EBF-6F1914039CF8}.Debug|Any CPU.Build.0 = Debug|Any CPU
		{100DCC84-837C-4580-8EBF-6F1914039CF8}.Release|Any CPU.ActiveCfg = Release|Any CPU
		{100DCC84-837C-4580-8EBF-6F1914039CF8}.Release|Any CPU.Build.0 = Release|Any CPU
		{397B70F4-0B0D-4A08-BA5A-66D870CAE0BF}.Debug|Any CPU.ActiveCfg = Debug|Any CPU
		{397B70F4-0B0D-4A08-BA5A-66D870CAE0BF}.Debug|Any CPU.Build.0 = Debug|Any CPU
		{397B70F4-0B0D-4A08-BA5A-66D870CAE0BF}.Release|Any CPU.ActiveCfg = Release|Any CPU
		{397B70F4-0B0D-4A08-BA5A-66D870CAE0BF}.Release|Any CPU.Build.0 = Release|Any CPU
		{90933988-3113-4D17-BBDA-7DC38C0A0AEE}.Debug|Any CPU.ActiveCfg = Debug|Any CPU
		{90933988-3113-4D17-BBDA-7DC38C0A0AEE}.Debug|Any CPU.Build.0 = Debug|Any CPU
		{90933988-3113-4D17-BBDA-7DC38C0A0AEE}.Release|Any CPU.ActiveCfg = Release|Any CPU
		{90933988-3113-4D17-BBDA-7DC38C0A0AEE}.Release|Any CPU.Build.0 = Release|Any CPU
	EndGlobalSection
	GlobalSection(SolutionProperties) = preSolution
		HideSolutionNode = FALSE
	EndGlobalSection
	GlobalSection(NestedProjects) = preSolution
		{301AEF2B-9251-45BD-A08A-ED7FAE4EE155} = {189A26B0-4509-47C4-A36E-8F3A9ADE65AC}
		{100DCC84-837C-4580-8EBF-6F1914039CF8} = {90362E79-6680-4CD8-AE08-7519B578B653}
		{90362E79-6680-4CD8-AE08-7519B578B653} = {9E6100B8-E832-4D90-9780-46E517FE154C}
		{189A26B0-4509-47C4-A36E-8F3A9ADE65AC} = {9E6100B8-E832-4D90-9780-46E517FE154C}
		{92BD4C61-69C4-4506-AD2C-FF70E16A90EA} = {9E6100B8-E832-4D90-9780-46E517FE154C}
		{397B70F4-0B0D-4A08-BA5A-66D870CAE0BF} = {92BD4C61-69C4-4506-AD2C-FF70E16A90EA}
		{90933988-3113-4D17-BBDA-7DC38C0A0AEE} = {92BD4C61-69C4-4506-AD2C-FF70E16A90EA}
	EndGlobalSection
	GlobalSection(ExtensibilityGlobals) = postSolution
		SolutionGuid = {A96542CD-3F1B-439D-9CBE-3F32480EAB0E}
	EndGlobalSection
EndGlobal
